
Microsoft Visual Studio Solution File, Format Version 12.00
#
Project("{FAE04EC0-301F-11D3-BF4B-00C04F79EFBC}") = "ReverseString", "ReverseString\ReverseString.csproj", "{BCD8640F-AECA-4B0B-9357-227C9D68C51C}"
EndProject
Project("{FAE04EC0-301F-11D3-BF4B-00C04F79EFBC}") = "BearsAndFish", "BearsAndFish\BearsAndFish.csproj", "{994947CF-41A6-4BA3-840F-2D2D194D2FBB}"
EndProject
Project("{FAE04EC0-301F-11D3-BF4B-00C04F79EFBC}") = "AlgorithmSpeedTest", "AlgorithmSpeedTest\AlgorithmSpeedTest.csproj", "{F4B45137-F8E6-4740-8B80-927FF878A816}"
EndProject
Project("{FAE04EC0-301F-11D3-BF4B-00C04F79EFBC}") = "StackSort", "StackSort\StackSort.csproj", "{9941824C-82FB-442F-AFE5-9CCE96DD87B6}"
EndProject
Project("{FAE04EC0-301F-11D3-BF4B-00C04F79EFBC}") = "HopSkipJump", "HopSkipJump\HopSkipJump.csproj", "{FAA7EA9C-3B7A-4DB0-87FF-202C649B337E}"
EndProject
Project("{FAE04EC0-301F-11D3-BF4B-00C04F79EFBC}") = "LinkedListTests", "LinkedListTests\LinkedListTests.csproj", "{0C8A2FD9-68DE-460E-B187-E0E3DC5A2FE6}"
EndProject
Project("{FAE04EC0-301F-11D3-BF4B-00C04F79EFBC}") = "LinkedListStack", "LinkedListStack\LinkedListStack.csproj", "{DD1A7B84-5AFE-4B35-A590-73724478F286}"
EndProject
Project("{FAE04EC0-301F-11D3-BF4B-00C04F79EFBC}") = "LinkedListQueue", "LinkedListQueue\LinkedListQueue.csproj", "{4464D7CD-33D7-4139-95B4-6DA216E36CCC}"
EndProject
Project("{FAE04EC0-301F-11D3-BF4B-00C04F79EFBC}") = "InvertedFileAlgorithm", "InvertedFileAlgorithm\InvertedFileAlgorithm.csproj", "{1085198B-52B2-4266-B345-907E2BDB907F}"
EndProject
Project("{FAE04EC0-301F-11D3-BF4B-00C04F79EFBC}") = "Homework-6.1", "Homework-6.1\Homework-6.1.csproj", "{3D8950AC-AEB4-4C5C-8FE1-AA3852EBFACC}"
EndProject
Project("{FAE04EC0-301F-11D3-BF4B-00C04F79EFBC}") = "Homework6.2", "Homework6.2\Homework6.2.csproj", "{FE43DE3C-6E32-4A62-B8BD-9C9B62EA04F8}"
EndProject
Global
	GlobalSection(SolutionConfigurationPlatforms) = preSolution
		Debug|Any CPU = Debug|Any CPU
		Release|Any CPU = Release|Any CPU
	EndGlobalSection
	GlobalSection(ProjectConfigurationPlatforms) = postSolution
		{BCD8640F-AECA-4B0B-9357-227C9D68C51C}.Debug|Any CPU.ActiveCfg = Debug|Any CPU
		{BCD8640F-AECA-4B0B-9357-227C9D68C51C}.Debug|Any CPU.Build.0 = Debug|Any CPU
		{BCD8640F-AECA-4B0B-9357-227C9D68C51C}.Release|Any CPU.ActiveCfg = Release|Any CPU
		{BCD8640F-AECA-4B0B-9357-227C9D68C51C}.Release|Any CPU.Build.0 = Release|Any CPU
		{994947CF-41A6-4BA3-840F-2D2D194D2FBB}.Debug|Any CPU.ActiveCfg = Debug|Any CPU
		{994947CF-41A6-4BA3-840F-2D2D194D2FBB}.Debug|Any CPU.Build.0 = Debug|Any CPU
		{994947CF-41A6-4BA3-840F-2D2D194D2FBB}.Release|Any CPU.ActiveCfg = Release|Any CPU
		{994947CF-41A6-4BA3-840F-2D2D194D2FBB}.Release|Any CPU.Build.0 = Release|Any CPU
		{F4B45137-F8E6-4740-8B80-927FF878A816}.Debug|Any CPU.ActiveCfg = Debug|Any CPU
		{F4B45137-F8E6-4740-8B80-927FF878A816}.Debug|Any CPU.Build.0 = Debug|Any CPU
		{F4B45137-F8E6-4740-8B80-927FF878A816}.Release|Any CPU.ActiveCfg = Release|Any CPU
		{F4B45137-F8E6-4740-8B80-927FF878A816}.Release|Any CPU.Build.0 = Release|Any CPU
		{9941824C-82FB-442F-AFE5-9CCE96DD87B6}.Debug|Any CPU.ActiveCfg = Debug|Any CPU
		{9941824C-82FB-442F-AFE5-9CCE96DD87B6}.Debug|Any CPU.Build.0 = Debug|Any CPU
		{9941824C-82FB-442F-AFE5-9CCE96DD87B6}.Release|Any CPU.ActiveCfg = Release|Any CPU
		{9941824C-82FB-442F-AFE5-9CCE96DD87B6}.Release|Any CPU.Build.0 = Release|Any CPU
		{FAA7EA9C-3B7A-4DB0-87FF-202C649B337E}.Debug|Any CPU.ActiveCfg = Debug|Any CPU
		{FAA7EA9C-3B7A-4DB0-87FF-202C649B337E}.Debug|Any CPU.Build.0 = Debug|Any CPU
		{FAA7EA9C-3B7A-4DB0-87FF-202C649B337E}.Release|Any CPU.ActiveCfg = Release|Any CPU
		{FAA7EA9C-3B7A-4DB0-87FF-202C649B337E}.Release|Any CPU.Build.0 = Release|Any CPU
		{0C8A2FD9-68DE-460E-B187-E0E3DC5A2FE6}.Debug|Any CPU.ActiveCfg = Debug|Any CPU
		{0C8A2FD9-68DE-460E-B187-E0E3DC5A2FE6}.Debug|Any CPU.Build.0 = Debug|Any CPU
		{0C8A2FD9-68DE-460E-B187-E0E3DC5A2FE6}.Release|Any CPU.ActiveCfg = Release|Any CPU
		{0C8A2FD9-68DE-460E-B187-E0E3DC5A2FE6}.Release|Any CPU.Build.0 = Release|Any CPU
		{DD1A7B84-5AFE-4B35-A590-73724478F286}.Debug|Any CPU.ActiveCfg = Debug|Any CPU
		{DD1A7B84-5AFE-4B35-A590-73724478F286}.Debug|Any CPU.Build.0 = Debug|Any CPU
		{DD1A7B84-5AFE-4B35-A590-73724478F286}.Release|Any CPU.ActiveCfg = Release|Any CPU
		{DD1A7B84-5AFE-4B35-A590-73724478F286}.Release|Any CPU.Build.0 = Release|Any CPU
		{4464D7CD-33D7-4139-95B4-6DA216E36CCC}.Debug|Any CPU.ActiveCfg = Debug|Any CPU
		{4464D7CD-33D7-4139-95B4-6DA216E36CCC}.Debug|Any CPU.Build.0 = Debug|Any CPU
		{4464D7CD-33D7-4139-95B4-6DA216E36CCC}.Release|Any CPU.ActiveCfg = Release|Any CPU
		{4464D7CD-33D7-4139-95B4-6DA216E36CCC}.Release|Any CPU.Build.0 = Release|Any CPU
		{1085198B-52B2-4266-B345-907E2BDB907F}.Debug|Any CPU.ActiveCfg = Debug|Any CPU
		{1085198B-52B2-4266-B345-907E2BDB907F}.Debug|Any CPU.Build.0 = Debug|Any CPU
		{1085198B-52B2-4266-B345-907E2BDB907F}.Release|Any CPU.ActiveCfg = Release|Any CPU
		{1085198B-52B2-4266-B345-907E2BDB907F}.Release|Any CPU.Build.0 = Release|Any CPU
		{3D8950AC-AEB4-4C5C-8FE1-AA3852EBFACC}.Debug|Any CPU.ActiveCfg = Debug|Any CPU
		{3D8950AC-AEB4-4C5C-8FE1-AA3852EBFACC}.Debug|Any CPU.Build.0 = Debug|Any CPU
		{3D8950AC-AEB4-4C5C-8FE1-AA3852EBFACC}.Release|Any CPU.ActiveCfg = Release|Any CPU
		{3D8950AC-AEB4-4C5C-8FE1-AA3852EBFACC}.Release|Any CPU.Build.0 = Release|Any CPU
		{FE43DE3C-6E32-4A62-B8BD-9C9B62EA04F8}.Debug|Any CPU.ActiveCfg = Debug|Any CPU
		{FE43DE3C-6E32-4A62-B8BD-9C9B62EA04F8}.Debug|Any CPU.Build.0 = Debug|Any CPU
		{FE43DE3C-6E32-4A62-B8BD-9C9B62EA04F8}.Release|Any CPU.ActiveCfg = Release|Any CPU
		{FE43DE3C-6E32-4A62-B8BD-9C9B62EA04F8}.Release|Any CPU.Build.0 = Release|Any CPU
	EndGlobalSection
	GlobalSection(NestedProjects) = preSolution
	EndGlobalSection
EndGlobal
